
Microsoft Visual Studio Solution File, Format Version 12.00
# Visual Studio 15
VisualStudioVersion = 15.0.28307.1082
MinimumVisualStudioVersion = 10.0.40219.1
Project("{2150E333-8FDC-42A3-9474-1A3956D46DE8}") = "Consoles", "Consoles", "{97C97FDF-0B1A-4298-ACF1-1F7F9F051D56}"
EndProject
Project("{FAE04EC0-301F-11D3-BF4B-00C04F79EFBC}") = "PasswordGenerator", "PasswordGenerator\PasswordGenerator.csproj", "{F22A550D-1579-498D-BB7C-FA9FE8BCF51F}"
EndProject
Project("{FAE04EC0-301F-11D3-BF4B-00C04F79EFBC}") = "StopwatchApp", "StopwatchApp\StopwatchApp.csproj", "{57A80815-533C-4F3D-AC7C-2EE6DD3D42F8}"
EndProject
Project("{FAE04EC0-301F-11D3-BF4B-00C04F79EFBC}") = "StackOverflowPostApp", "StackOverflowPostApp\StackOverflowPostApp.csproj", "{F0874C2A-506D-4469-8B96-F341591871C5}"
EndProject
Project("{FAE04EC0-301F-11D3-BF4B-00C04F79EFBC}") = "StackApp", "StackApp\StackApp.csproj", "{9DE710F0-4612-41A7-9AD6-7E371630D060}"
EndProject
Project("{FAE04EC0-301F-11D3-BF4B-00C04F79EFBC}") = "DBCommandApp", "DBCommandApp\DBCommandApp.csproj", "{F8142973-F401-49E4-878A-645F1004DFFF}"
EndProject
Project("{FAE04EC0-301F-11D3-BF4B-00C04F79EFBC}") = "WorkflowEngineApp", "WorkflowEngineApp\WorkflowEngineApp.csproj", "{6FEED13D-5B57-4A14-87F4-A550020DBB6E}"
EndProject
Project("{2150E333-8FDC-42A3-9474-1A3956D46DE8}") = "EF", "EF", "{C486DB05-8A3B-43D8-BBFF-D4AACEFCB396}"
EndProject
Project("{2150E333-8FDC-42A3-9474-1A3956D46DE8}") = "ASP NET MVC", "ASP NET MVC", "{4B54C51F-70FC-44B0-9090-1E3EC6513AE6}"
EndProject
Project("{FAE04EC0-301F-11D3-BF4B-00C04F79EFBC}") = "Vidly", "Vidly\Vidly.csproj", "{BCB5FF0A-A451-443E-9E60-CED582278C78}"
EndProject
Project("{FAE04EC0-301F-11D3-BF4B-00C04F79EFBC}") = "DBFirst", "DBFirst\DBFirst.csproj", "{737DC1CC-493F-44CC-BC3F-20D81CD04EFE}"
EndProject
Project("{FAE04EC0-301F-11D3-BF4B-00C04F79EFBC}") = "Vidzy", "Vidzy\Vidzy.csproj", "{FBADED87-6A33-423D-9A8E-D22A703D0FFF}"
EndProject
Project("{FAE04EC0-301F-11D3-BF4B-00C04F79EFBC}") = "CodeFirst", "CodeFirst\CodeFirst.csproj", "{954B65B3-1EFB-4E7F-A0EC-3DD5C0E8B3FE}"
EndProject
Project("{FAE04EC0-301F-11D3-BF4B-00C04F79EFBC}") = "CodeFirstExistingDatabase", "CodeFirstExistingDatabase\CodeFirstExistingDatabase.csproj", "{7F06E35B-6BF7-4660-833A-B151980A3856}"
EndProject
Project("{FAE04EC0-301F-11D3-BF4B-00C04F79EFBC}") = "VidzyCodeFirst", "VidzyCodeFirst\VidzyCodeFirst.csproj", "{EFE2B4EF-C7B6-4DFC-8BCD-F065D111949C}"
EndProject
Project("{FAE04EC0-301F-11D3-BF4B-00C04F79EFBC}") = "DataAnnotations", "DataAnnotations\DataAnnotations.csproj", "{415B010B-3387-41C8-8649-98E423189105}"
EndProject
Project("{FAE04EC0-301F-11D3-BF4B-00C04F79EFBC}") = "FluentAPI", "FluentAPI\FluentAPI.csproj", "{E6AD0197-5683-4A94-8DD5-304F79046197}"
EndProject
Project("{FAE04EC0-301F-11D3-BF4B-00C04F79EFBC}") = "Queries", "Queries\Queries\Queries.csproj", "{D1776DED-C59A-4F8A-8C31-96EAE15BDF5A}"
EndProject
Project("{FAE04EC0-301F-11D3-BF4B-00C04F79EFBC}") = "Vidzy_Queries", "Vidzy_Queries\Vidzy\Vidzy_Queries.csproj", "{2AEE16B3-AFD2-4C91-9751-E37310E4689C}"
EndProject
Project("{FAE04EC0-301F-11D3-BF4B-00C04F79EFBC}") = "Vidzy_UpdatingData", "Vidzy_UpdatingData\Vidzy\Vidzy_UpdatingData.csproj", "{3E7B3CE1-971D-4953-B5BC-DAB3CC5B3957}"
EndProject
Project("{FAE04EC0-301F-11D3-BF4B-00C04F79EFBC}") = "PlutoWeb", "PlutoWeb\PlutoWeb.csproj", "{50765755-4217-4052-BC22-73F4557A32A6}"
EndProject
Project("{FAE04EC0-301F-11D3-BF4B-00C04F79EFBC}") = "PlutoDesktop", "PlutoDesktop\PlutoDesktop.csproj", "{F5FC621D-725A-495E-9236-409302454B6C}"
EndProject
Project("{2150E333-8FDC-42A3-9474-1A3956D46DE8}") = "pro-csharp-7-master", "pro-csharp-7-master", "{3CD6D99C-6F7F-4571-9F92-4E0BC21EFC76}"
EndProject
Project("{FAE04EC0-301F-11D3-BF4B-00C04F79EFBC}") = "BasicDataTypes", "pro-csharp-7-master\Chapter_3\BasicDataTypes\BasicDataTypes\BasicDataTypes.csproj", "{E30693CB-BC43-4A78-B02E-8A5FA9217018}"
EndProject
Project("{FAE04EC0-301F-11D3-BF4B-00C04F79EFBC}") = "FunWithStrings", "pro-csharp-7-master\Chapter_3\FunWithStrings\FunWithStrings\FunWithStrings.csproj", "{3E0C5B2B-2ECB-47A7-873C-33DCB9A44EBE}"
EndProject
Project("{FAE04EC0-301F-11D3-BF4B-00C04F79EFBC}") = "ImplicitlyTypedLocalVars", "pro-csharp-7-master\Chapter_3\ImplicitlyTypedLocalVars\ImplicitlyTypedLocalVars\ImplicitlyTypedLocalVars.csproj", "{3F438738-B91E-4434-ABEE-887B3FE99D3E}"
EndProject
Project("{FAE04EC0-301F-11D3-BF4B-00C04F79EFBC}") = "TypeConversions", "pro-csharp-7-master\Chapter_3\TypeConversions\TypeConversions\TypeConversions.csproj", "{4519714A-B883-443F-AFFC-C4B1120F80D2}"
EndProject
Project("{FAE04EC0-301F-11D3-BF4B-00C04F79EFBC}") = "IterationsAndDecisions", "pro-csharp-7-master\Chapter_3\IterationsAndDecisions\IterationsAndDecisions\IterationsAndDecisions.csproj", "{5D4CF817-4754-4349-A418-B26B532D0169}"
EndProject
Project("{FAE04EC0-301F-11D3-BF4B-00C04F79EFBC}") = "FunWithArrays", "pro-csharp-7-master\Chapter_4\FunWithArrays\FunWithArrays\FunWithArrays.csproj", "{13011BAC-3111-447D-9CD9-E79F3058B082}"
EndProject
Project("{FAE04EC0-301F-11D3-BF4B-00C04F79EFBC}") = "FunWithMethods", "pro-csharp-7-master\Chapter_4\FunWithMethods\FunWithMethods\FunWithMethods.csproj", "{BFC82D44-373C-4689-9CE2-F69C1385AD31}"
EndProject
Project("{FAE04EC0-301F-11D3-BF4B-00C04F79EFBC}") = "MethodOverloading", "pro-csharp-7-master\Chapter_4\MethodOverloading\MethodOverloading\MethodOverloading.csproj", "{912DC969-D12F-428D-9450-DE70CEB078AD}"
EndProject
Project("{FAE04EC0-301F-11D3-BF4B-00C04F79EFBC}") = "FunWithEnums", "pro-csharp-7-master\Chapter_4\FunWithEnums\FunWithEnums\FunWithEnums.csproj", "{07FA1DDC-C797-494E-8211-F98FD67CA681}"
EndProject
Project("{FAE04EC0-301F-11D3-BF4B-00C04F79EFBC}") = "FunWithStructures", "pro-csharp-7-master\Chapter_4\FunWithStructures\FunWithStructures\FunWithStructures.csproj", "{18144F65-5A9A-4CD9-92EC-77D3AF223181}"
EndProject
Project("{FAE04EC0-301F-11D3-BF4B-00C04F79EFBC}") = "ValueAndReferenceTypes", "pro-csharp-7-master\Chapter_4\ValueAndReferenceTypes\ValueAndReferenceTypes\ValueAndReferenceTypes.csproj", "{2FD8A625-0E38-42AD-9907-9207077D501A}"
EndProject
Project("{FAE04EC0-301F-11D3-BF4B-00C04F79EFBC}") = "RefTypeValTypeParams", "pro-csharp-7-master\Chapter_4\RefTypeValTypeParams\RefTypeValTypeParams\RefTypeValTypeParams.csproj", "{2898E6E8-CABC-4CEB-993B-E4C6AA8E5BC6}"
EndProject
Project("{FAE04EC0-301F-11D3-BF4B-00C04F79EFBC}") = "NullableTypes", "pro-csharp-7-master\Chapter_4\NullableTypes\NullableTypes\NullableTypes.csproj", "{B8CA589E-C71F-4DAE-9722-0331596478B7}"
EndProject
Project("{FAE04EC0-301F-11D3-BF4B-00C04F79EFBC}") = "FunWithTuples", "pro-csharp-7-master\Chapter_4\FunWithTuples\FunWithTuples\FunWithTuples.csproj", "{6417A0AC-2D49-42B0-B408-FAE39B832F92}"
EndProject
Project("{FAE04EC0-301F-11D3-BF4B-00C04F79EFBC}") = "SimpleClassExample", "pro-csharp-7-master\Chapter_5\SimpleClassExample\SimpleClassExample\SimpleClassExample.csproj", "{FC6715AC-17D0-46F1-8F72-C6871354C3F0}"
EndProject
Project("{FAE04EC0-301F-11D3-BF4B-00C04F79EFBC}") = "StaticDataAndMembers", "pro-csharp-7-master\Chapter_5\StaticDataAndMembers\StaticDataAndMembers\StaticDataAndMembers.csproj", "{A7BFD55D-83F8-4B42-BD18-9725C8DFA943}"
EndProject
Project("{FAE04EC0-301F-11D3-BF4B-00C04F79EFBC}") = "EmployeeApp", "pro-csharp-7-master\Chapter_5\EmployeeApp\EmployeeApp\EmployeeApp.csproj", "{D12075FC-B2CF-4D6F-AE84-715767004332}"
EndProject
Global
	GlobalSection(SolutionConfigurationPlatforms) = preSolution
		Debug|Any CPU = Debug|Any CPU
		Release|Any CPU = Release|Any CPU
		Testing|Any CPU = Testing|Any CPU
	EndGlobalSection
	GlobalSection(ProjectConfigurationPlatforms) = postSolution
		{F22A550D-1579-498D-BB7C-FA9FE8BCF51F}.Debug|Any CPU.ActiveCfg = Debug|Any CPU
		{F22A550D-1579-498D-BB7C-FA9FE8BCF51F}.Debug|Any CPU.Build.0 = Debug|Any CPU
		{F22A550D-1579-498D-BB7C-FA9FE8BCF51F}.Release|Any CPU.ActiveCfg = Release|Any CPU
		{F22A550D-1579-498D-BB7C-FA9FE8BCF51F}.Release|Any CPU.Build.0 = Release|Any CPU
		{F22A550D-1579-498D-BB7C-FA9FE8BCF51F}.Testing|Any CPU.ActiveCfg = Testing|Any CPU
		{F22A550D-1579-498D-BB7C-FA9FE8BCF51F}.Testing|Any CPU.Build.0 = Testing|Any CPU
		{57A80815-533C-4F3D-AC7C-2EE6DD3D42F8}.Debug|Any CPU.ActiveCfg = Debug|Any CPU
		{57A80815-533C-4F3D-AC7C-2EE6DD3D42F8}.Debug|Any CPU.Build.0 = Debug|Any CPU
		{57A80815-533C-4F3D-AC7C-2EE6DD3D42F8}.Release|Any CPU.ActiveCfg = Release|Any CPU
		{57A80815-533C-4F3D-AC7C-2EE6DD3D42F8}.Release|Any CPU.Build.0 = Release|Any CPU
		{57A80815-533C-4F3D-AC7C-2EE6DD3D42F8}.Testing|Any CPU.ActiveCfg = Testing|Any CPU
		{57A80815-533C-4F3D-AC7C-2EE6DD3D42F8}.Testing|Any CPU.Build.0 = Testing|Any CPU
		{F0874C2A-506D-4469-8B96-F341591871C5}.Debug|Any CPU.ActiveCfg = Debug|Any CPU
		{F0874C2A-506D-4469-8B96-F341591871C5}.Debug|Any CPU.Build.0 = Debug|Any CPU
		{F0874C2A-506D-4469-8B96-F341591871C5}.Release|Any CPU.ActiveCfg = Release|Any CPU
		{F0874C2A-506D-4469-8B96-F341591871C5}.Release|Any CPU.Build.0 = Release|Any CPU
		{F0874C2A-506D-4469-8B96-F341591871C5}.Testing|Any CPU.ActiveCfg = Testing|Any CPU
		{F0874C2A-506D-4469-8B96-F341591871C5}.Testing|Any CPU.Build.0 = Testing|Any CPU
		{9DE710F0-4612-41A7-9AD6-7E371630D060}.Debug|Any CPU.ActiveCfg = Debug|Any CPU
		{9DE710F0-4612-41A7-9AD6-7E371630D060}.Debug|Any CPU.Build.0 = Debug|Any CPU
		{9DE710F0-4612-41A7-9AD6-7E371630D060}.Release|Any CPU.ActiveCfg = Release|Any CPU
		{9DE710F0-4612-41A7-9AD6-7E371630D060}.Release|Any CPU.Build.0 = Release|Any CPU
		{9DE710F0-4612-41A7-9AD6-7E371630D060}.Testing|Any CPU.ActiveCfg = Testing|Any CPU
		{9DE710F0-4612-41A7-9AD6-7E371630D060}.Testing|Any CPU.Build.0 = Testing|Any CPU
		{F8142973-F401-49E4-878A-645F1004DFFF}.Debug|Any CPU.ActiveCfg = Debug|Any CPU
		{F8142973-F401-49E4-878A-645F1004DFFF}.Debug|Any CPU.Build.0 = Debug|Any CPU
		{F8142973-F401-49E4-878A-645F1004DFFF}.Release|Any CPU.ActiveCfg = Release|Any CPU
		{F8142973-F401-49E4-878A-645F1004DFFF}.Release|Any CPU.Build.0 = Release|Any CPU
		{F8142973-F401-49E4-878A-645F1004DFFF}.Testing|Any CPU.ActiveCfg = Testing|Any CPU
		{F8142973-F401-49E4-878A-645F1004DFFF}.Testing|Any CPU.Build.0 = Testing|Any CPU
		{6FEED13D-5B57-4A14-87F4-A550020DBB6E}.Debug|Any CPU.ActiveCfg = Debug|Any CPU
		{6FEED13D-5B57-4A14-87F4-A550020DBB6E}.Debug|Any CPU.Build.0 = Debug|Any CPU
		{6FEED13D-5B57-4A14-87F4-A550020DBB6E}.Release|Any CPU.ActiveCfg = Release|Any CPU
		{6FEED13D-5B57-4A14-87F4-A550020DBB6E}.Release|Any CPU.Build.0 = Release|Any CPU
		{6FEED13D-5B57-4A14-87F4-A550020DBB6E}.Testing|Any CPU.ActiveCfg = Testing|Any CPU
		{6FEED13D-5B57-4A14-87F4-A550020DBB6E}.Testing|Any CPU.Build.0 = Testing|Any CPU
		{BCB5FF0A-A451-443E-9E60-CED582278C78}.Debug|Any CPU.ActiveCfg = Debug|Any CPU
		{BCB5FF0A-A451-443E-9E60-CED582278C78}.Debug|Any CPU.Build.0 = Debug|Any CPU
		{BCB5FF0A-A451-443E-9E60-CED582278C78}.Release|Any CPU.ActiveCfg = Release|Any CPU
		{BCB5FF0A-A451-443E-9E60-CED582278C78}.Release|Any CPU.Build.0 = Release|Any CPU
		{BCB5FF0A-A451-443E-9E60-CED582278C78}.Testing|Any CPU.ActiveCfg = Testing|Any CPU
		{BCB5FF0A-A451-443E-9E60-CED582278C78}.Testing|Any CPU.Build.0 = Testing|Any CPU
		{737DC1CC-493F-44CC-BC3F-20D81CD04EFE}.Debug|Any CPU.ActiveCfg = Debug|Any CPU
		{737DC1CC-493F-44CC-BC3F-20D81CD04EFE}.Debug|Any CPU.Build.0 = Debug|Any CPU
		{737DC1CC-493F-44CC-BC3F-20D81CD04EFE}.Release|Any CPU.ActiveCfg = Release|Any CPU
		{737DC1CC-493F-44CC-BC3F-20D81CD04EFE}.Release|Any CPU.Build.0 = Release|Any CPU
		{737DC1CC-493F-44CC-BC3F-20D81CD04EFE}.Testing|Any CPU.ActiveCfg = Release|Any CPU
		{737DC1CC-493F-44CC-BC3F-20D81CD04EFE}.Testing|Any CPU.Build.0 = Release|Any CPU
		{FBADED87-6A33-423D-9A8E-D22A703D0FFF}.Debug|Any CPU.ActiveCfg = Debug|Any CPU
		{FBADED87-6A33-423D-9A8E-D22A703D0FFF}.Debug|Any CPU.Build.0 = Debug|Any CPU
		{FBADED87-6A33-423D-9A8E-D22A703D0FFF}.Release|Any CPU.ActiveCfg = Release|Any CPU
		{FBADED87-6A33-423D-9A8E-D22A703D0FFF}.Release|Any CPU.Build.0 = Release|Any CPU
		{FBADED87-6A33-423D-9A8E-D22A703D0FFF}.Testing|Any CPU.ActiveCfg = Release|Any CPU
		{FBADED87-6A33-423D-9A8E-D22A703D0FFF}.Testing|Any CPU.Build.0 = Release|Any CPU
		{954B65B3-1EFB-4E7F-A0EC-3DD5C0E8B3FE}.Debug|Any CPU.ActiveCfg = Debug|Any CPU
		{954B65B3-1EFB-4E7F-A0EC-3DD5C0E8B3FE}.Debug|Any CPU.Build.0 = Debug|Any CPU
		{954B65B3-1EFB-4E7F-A0EC-3DD5C0E8B3FE}.Release|Any CPU.ActiveCfg = Release|Any CPU
		{954B65B3-1EFB-4E7F-A0EC-3DD5C0E8B3FE}.Release|Any CPU.Build.0 = Release|Any CPU
		{954B65B3-1EFB-4E7F-A0EC-3DD5C0E8B3FE}.Testing|Any CPU.ActiveCfg = Release|Any CPU
		{954B65B3-1EFB-4E7F-A0EC-3DD5C0E8B3FE}.Testing|Any CPU.Build.0 = Release|Any CPU
		{7F06E35B-6BF7-4660-833A-B151980A3856}.Debug|Any CPU.ActiveCfg = Debug|Any CPU
		{7F06E35B-6BF7-4660-833A-B151980A3856}.Debug|Any CPU.Build.0 = Debug|Any CPU
		{7F06E35B-6BF7-4660-833A-B151980A3856}.Release|Any CPU.ActiveCfg = Release|Any CPU
		{7F06E35B-6BF7-4660-833A-B151980A3856}.Release|Any CPU.Build.0 = Release|Any CPU
		{7F06E35B-6BF7-4660-833A-B151980A3856}.Testing|Any CPU.ActiveCfg = Release|Any CPU
		{7F06E35B-6BF7-4660-833A-B151980A3856}.Testing|Any CPU.Build.0 = Release|Any CPU
		{EFE2B4EF-C7B6-4DFC-8BCD-F065D111949C}.Debug|Any CPU.ActiveCfg = Debug|Any CPU
		{EFE2B4EF-C7B6-4DFC-8BCD-F065D111949C}.Debug|Any CPU.Build.0 = Debug|Any CPU
		{EFE2B4EF-C7B6-4DFC-8BCD-F065D111949C}.Release|Any CPU.ActiveCfg = Release|Any CPU
		{EFE2B4EF-C7B6-4DFC-8BCD-F065D111949C}.Release|Any CPU.Build.0 = Release|Any CPU
		{EFE2B4EF-C7B6-4DFC-8BCD-F065D111949C}.Testing|Any CPU.ActiveCfg = Release|Any CPU
		{EFE2B4EF-C7B6-4DFC-8BCD-F065D111949C}.Testing|Any CPU.Build.0 = Release|Any CPU
		{415B010B-3387-41C8-8649-98E423189105}.Debug|Any CPU.ActiveCfg = Debug|Any CPU
		{415B010B-3387-41C8-8649-98E423189105}.Debug|Any CPU.Build.0 = Debug|Any CPU
		{415B010B-3387-41C8-8649-98E423189105}.Release|Any CPU.ActiveCfg = Release|Any CPU
		{415B010B-3387-41C8-8649-98E423189105}.Release|Any CPU.Build.0 = Release|Any CPU
		{415B010B-3387-41C8-8649-98E423189105}.Testing|Any CPU.ActiveCfg = Release|Any CPU
		{415B010B-3387-41C8-8649-98E423189105}.Testing|Any CPU.Build.0 = Release|Any CPU
		{E6AD0197-5683-4A94-8DD5-304F79046197}.Debug|Any CPU.ActiveCfg = Debug|Any CPU
		{E6AD0197-5683-4A94-8DD5-304F79046197}.Debug|Any CPU.Build.0 = Debug|Any CPU
		{E6AD0197-5683-4A94-8DD5-304F79046197}.Release|Any CPU.ActiveCfg = Release|Any CPU
		{E6AD0197-5683-4A94-8DD5-304F79046197}.Release|Any CPU.Build.0 = Release|Any CPU
		{E6AD0197-5683-4A94-8DD5-304F79046197}.Testing|Any CPU.ActiveCfg = Release|Any CPU
		{E6AD0197-5683-4A94-8DD5-304F79046197}.Testing|Any CPU.Build.0 = Release|Any CPU
		{D1776DED-C59A-4F8A-8C31-96EAE15BDF5A}.Debug|Any CPU.ActiveCfg = Debug|Any CPU
		{D1776DED-C59A-4F8A-8C31-96EAE15BDF5A}.Debug|Any CPU.Build.0 = Debug|Any CPU
		{D1776DED-C59A-4F8A-8C31-96EAE15BDF5A}.Release|Any CPU.ActiveCfg = Release|Any CPU
		{D1776DED-C59A-4F8A-8C31-96EAE15BDF5A}.Release|Any CPU.Build.0 = Release|Any CPU
		{D1776DED-C59A-4F8A-8C31-96EAE15BDF5A}.Testing|Any CPU.ActiveCfg = Release|Any CPU
		{D1776DED-C59A-4F8A-8C31-96EAE15BDF5A}.Testing|Any CPU.Build.0 = Release|Any CPU
		{2AEE16B3-AFD2-4C91-9751-E37310E4689C}.Debug|Any CPU.ActiveCfg = Debug|Any CPU
		{2AEE16B3-AFD2-4C91-9751-E37310E4689C}.Debug|Any CPU.Build.0 = Debug|Any CPU
		{2AEE16B3-AFD2-4C91-9751-E37310E4689C}.Release|Any CPU.ActiveCfg = Release|Any CPU
		{2AEE16B3-AFD2-4C91-9751-E37310E4689C}.Release|Any CPU.Build.0 = Release|Any CPU
		{2AEE16B3-AFD2-4C91-9751-E37310E4689C}.Testing|Any CPU.ActiveCfg = Release|Any CPU
		{2AEE16B3-AFD2-4C91-9751-E37310E4689C}.Testing|Any CPU.Build.0 = Release|Any CPU
		{3E7B3CE1-971D-4953-B5BC-DAB3CC5B3957}.Debug|Any CPU.ActiveCfg = Debug|Any CPU
		{3E7B3CE1-971D-4953-B5BC-DAB3CC5B3957}.Debug|Any CPU.Build.0 = Debug|Any CPU
		{3E7B3CE1-971D-4953-B5BC-DAB3CC5B3957}.Release|Any CPU.ActiveCfg = Release|Any CPU
		{3E7B3CE1-971D-4953-B5BC-DAB3CC5B3957}.Release|Any CPU.Build.0 = Release|Any CPU
		{3E7B3CE1-971D-4953-B5BC-DAB3CC5B3957}.Testing|Any CPU.ActiveCfg = Release|Any CPU
		{3E7B3CE1-971D-4953-B5BC-DAB3CC5B3957}.Testing|Any CPU.Build.0 = Release|Any CPU
		{50765755-4217-4052-BC22-73F4557A32A6}.Debug|Any CPU.ActiveCfg = Debug|Any CPU
		{50765755-4217-4052-BC22-73F4557A32A6}.Debug|Any CPU.Build.0 = Debug|Any CPU
		{50765755-4217-4052-BC22-73F4557A32A6}.Release|Any CPU.ActiveCfg = Release|Any CPU
		{50765755-4217-4052-BC22-73F4557A32A6}.Release|Any CPU.Build.0 = Release|Any CPU
		{50765755-4217-4052-BC22-73F4557A32A6}.Testing|Any CPU.ActiveCfg = Release|Any CPU
		{50765755-4217-4052-BC22-73F4557A32A6}.Testing|Any CPU.Build.0 = Release|Any CPU
		{F5FC621D-725A-495E-9236-409302454B6C}.Debug|Any CPU.ActiveCfg = Debug|Any CPU
		{F5FC621D-725A-495E-9236-409302454B6C}.Debug|Any CPU.Build.0 = Debug|Any CPU
		{F5FC621D-725A-495E-9236-409302454B6C}.Release|Any CPU.ActiveCfg = Release|Any CPU
		{F5FC621D-725A-495E-9236-409302454B6C}.Release|Any CPU.Build.0 = Release|Any CPU
		{F5FC621D-725A-495E-9236-409302454B6C}.Testing|Any CPU.ActiveCfg = Release|Any CPU
		{F5FC621D-725A-495E-9236-409302454B6C}.Testing|Any CPU.Build.0 = Release|Any CPU
		{E30693CB-BC43-4A78-B02E-8A5FA9217018}.Debug|Any CPU.ActiveCfg = Debug|Any CPU
		{E30693CB-BC43-4A78-B02E-8A5FA9217018}.Debug|Any CPU.Build.0 = Debug|Any CPU
		{E30693CB-BC43-4A78-B02E-8A5FA9217018}.Release|Any CPU.ActiveCfg = Release|Any CPU
		{E30693CB-BC43-4A78-B02E-8A5FA9217018}.Release|Any CPU.Build.0 = Release|Any CPU
		{E30693CB-BC43-4A78-B02E-8A5FA9217018}.Testing|Any CPU.ActiveCfg = Release|Any CPU
		{E30693CB-BC43-4A78-B02E-8A5FA9217018}.Testing|Any CPU.Build.0 = Release|Any CPU
		{3E0C5B2B-2ECB-47A7-873C-33DCB9A44EBE}.Debug|Any CPU.ActiveCfg = Debug|Any CPU
		{3E0C5B2B-2ECB-47A7-873C-33DCB9A44EBE}.Debug|Any CPU.Build.0 = Debug|Any CPU
		{3E0C5B2B-2ECB-47A7-873C-33DCB9A44EBE}.Release|Any CPU.ActiveCfg = Release|Any CPU
		{3E0C5B2B-2ECB-47A7-873C-33DCB9A44EBE}.Release|Any CPU.Build.0 = Release|Any CPU
		{3E0C5B2B-2ECB-47A7-873C-33DCB9A44EBE}.Testing|Any CPU.ActiveCfg = Release|Any CPU
		{3E0C5B2B-2ECB-47A7-873C-33DCB9A44EBE}.Testing|Any CPU.Build.0 = Release|Any CPU
		{3F438738-B91E-4434-ABEE-887B3FE99D3E}.Debug|Any CPU.ActiveCfg = Debug|Any CPU
		{3F438738-B91E-4434-ABEE-887B3FE99D3E}.Debug|Any CPU.Build.0 = Debug|Any CPU
		{3F438738-B91E-4434-ABEE-887B3FE99D3E}.Release|Any CPU.ActiveCfg = Release|Any CPU
		{3F438738-B91E-4434-ABEE-887B3FE99D3E}.Release|Any CPU.Build.0 = Release|Any CPU
		{3F438738-B91E-4434-ABEE-887B3FE99D3E}.Testing|Any CPU.ActiveCfg = Release|Any CPU
		{3F438738-B91E-4434-ABEE-887B3FE99D3E}.Testing|Any CPU.Build.0 = Release|Any CPU
		{4519714A-B883-443F-AFFC-C4B1120F80D2}.Debug|Any CPU.ActiveCfg = Debug|Any CPU
		{4519714A-B883-443F-AFFC-C4B1120F80D2}.Debug|Any CPU.Build.0 = Debug|Any CPU
		{4519714A-B883-443F-AFFC-C4B1120F80D2}.Release|Any CPU.ActiveCfg = Release|Any CPU
		{4519714A-B883-443F-AFFC-C4B1120F80D2}.Release|Any CPU.Build.0 = Release|Any CPU
		{4519714A-B883-443F-AFFC-C4B1120F80D2}.Testing|Any CPU.ActiveCfg = Release|Any CPU
		{4519714A-B883-443F-AFFC-C4B1120F80D2}.Testing|Any CPU.Build.0 = Release|Any CPU
		{5D4CF817-4754-4349-A418-B26B532D0169}.Debug|Any CPU.ActiveCfg = Debug|Any CPU
		{5D4CF817-4754-4349-A418-B26B532D0169}.Debug|Any CPU.Build.0 = Debug|Any CPU
		{5D4CF817-4754-4349-A418-B26B532D0169}.Release|Any CPU.ActiveCfg = Release|Any CPU
		{5D4CF817-4754-4349-A418-B26B532D0169}.Release|Any CPU.Build.0 = Release|Any CPU
		{5D4CF817-4754-4349-A418-B26B532D0169}.Testing|Any CPU.ActiveCfg = Release|Any CPU
		{5D4CF817-4754-4349-A418-B26B532D0169}.Testing|Any CPU.Build.0 = Release|Any CPU
		{13011BAC-3111-447D-9CD9-E79F3058B082}.Debug|Any CPU.ActiveCfg = Debug|Any CPU
		{13011BAC-3111-447D-9CD9-E79F3058B082}.Debug|Any CPU.Build.0 = Debug|Any CPU
		{13011BAC-3111-447D-9CD9-E79F3058B082}.Release|Any CPU.ActiveCfg = Release|Any CPU
		{13011BAC-3111-447D-9CD9-E79F3058B082}.Release|Any CPU.Build.0 = Release|Any CPU
		{13011BAC-3111-447D-9CD9-E79F3058B082}.Testing|Any CPU.ActiveCfg = Release|Any CPU
		{13011BAC-3111-447D-9CD9-E79F3058B082}.Testing|Any CPU.Build.0 = Release|Any CPU
		{BFC82D44-373C-4689-9CE2-F69C1385AD31}.Debug|Any CPU.ActiveCfg = Debug|Any CPU
		{BFC82D44-373C-4689-9CE2-F69C1385AD31}.Debug|Any CPU.Build.0 = Debug|Any CPU
		{BFC82D44-373C-4689-9CE2-F69C1385AD31}.Release|Any CPU.ActiveCfg = Release|Any CPU
		{BFC82D44-373C-4689-9CE2-F69C1385AD31}.Release|Any CPU.Build.0 = Release|Any CPU
		{BFC82D44-373C-4689-9CE2-F69C1385AD31}.Testing|Any CPU.ActiveCfg = Release|Any CPU
		{BFC82D44-373C-4689-9CE2-F69C1385AD31}.Testing|Any CPU.Build.0 = Release|Any CPU
		{912DC969-D12F-428D-9450-DE70CEB078AD}.Debug|Any CPU.ActiveCfg = Debug|Any CPU
		{912DC969-D12F-428D-9450-DE70CEB078AD}.Debug|Any CPU.Build.0 = Debug|Any CPU
		{912DC969-D12F-428D-9450-DE70CEB078AD}.Release|Any CPU.ActiveCfg = Release|Any CPU
		{912DC969-D12F-428D-9450-DE70CEB078AD}.Release|Any CPU.Build.0 = Release|Any CPU
		{912DC969-D12F-428D-9450-DE70CEB078AD}.Testing|Any CPU.ActiveCfg = Release|Any CPU
		{912DC969-D12F-428D-9450-DE70CEB078AD}.Testing|Any CPU.Build.0 = Release|Any CPU
		{07FA1DDC-C797-494E-8211-F98FD67CA681}.Debug|Any CPU.ActiveCfg = Debug|Any CPU
		{07FA1DDC-C797-494E-8211-F98FD67CA681}.Debug|Any CPU.Build.0 = Debug|Any CPU
		{07FA1DDC-C797-494E-8211-F98FD67CA681}.Release|Any CPU.ActiveCfg = Release|Any CPU
		{07FA1DDC-C797-494E-8211-F98FD67CA681}.Release|Any CPU.Build.0 = Release|Any CPU
		{07FA1DDC-C797-494E-8211-F98FD67CA681}.Testing|Any CPU.ActiveCfg = Release|Any CPU
		{07FA1DDC-C797-494E-8211-F98FD67CA681}.Testing|Any CPU.Build.0 = Release|Any CPU
		{18144F65-5A9A-4CD9-92EC-77D3AF223181}.Debug|Any CPU.ActiveCfg = Debug|Any CPU
		{18144F65-5A9A-4CD9-92EC-77D3AF223181}.Debug|Any CPU.Build.0 = Debug|Any CPU
		{18144F65-5A9A-4CD9-92EC-77D3AF223181}.Release|Any CPU.ActiveCfg = Release|Any CPU
		{18144F65-5A9A-4CD9-92EC-77D3AF223181}.Release|Any CPU.Build.0 = Release|Any CPU
		{18144F65-5A9A-4CD9-92EC-77D3AF223181}.Testing|Any CPU.ActiveCfg = Release|Any CPU
		{18144F65-5A9A-4CD9-92EC-77D3AF223181}.Testing|Any CPU.Build.0 = Release|Any CPU
		{2FD8A625-0E38-42AD-9907-9207077D501A}.Debug|Any CPU.ActiveCfg = Debug|Any CPU
		{2FD8A625-0E38-42AD-9907-9207077D501A}.Debug|Any CPU.Build.0 = Debug|Any CPU
		{2FD8A625-0E38-42AD-9907-9207077D501A}.Release|Any CPU.ActiveCfg = Release|Any CPU
		{2FD8A625-0E38-42AD-9907-9207077D501A}.Release|Any CPU.Build.0 = Release|Any CPU
		{2FD8A625-0E38-42AD-9907-9207077D501A}.Testing|Any CPU.ActiveCfg = Release|Any CPU
		{2FD8A625-0E38-42AD-9907-9207077D501A}.Testing|Any CPU.Build.0 = Release|Any CPU
		{2898E6E8-CABC-4CEB-993B-E4C6AA8E5BC6}.Debug|Any CPU.ActiveCfg = Debug|Any CPU
		{2898E6E8-CABC-4CEB-993B-E4C6AA8E5BC6}.Debug|Any CPU.Build.0 = Debug|Any CPU
		{2898E6E8-CABC-4CEB-993B-E4C6AA8E5BC6}.Release|Any CPU.ActiveCfg = Release|Any CPU
		{2898E6E8-CABC-4CEB-993B-E4C6AA8E5BC6}.Release|Any CPU.Build.0 = Release|Any CPU
		{2898E6E8-CABC-4CEB-993B-E4C6AA8E5BC6}.Testing|Any CPU.ActiveCfg = Release|Any CPU
		{2898E6E8-CABC-4CEB-993B-E4C6AA8E5BC6}.Testing|Any CPU.Build.0 = Release|Any CPU
		{B8CA589E-C71F-4DAE-9722-0331596478B7}.Debug|Any CPU.ActiveCfg = Debug|Any CPU
		{B8CA589E-C71F-4DAE-9722-0331596478B7}.Debug|Any CPU.Build.0 = Debug|Any CPU
		{B8CA589E-C71F-4DAE-9722-0331596478B7}.Release|Any CPU.ActiveCfg = Release|Any CPU
		{B8CA589E-C71F-4DAE-9722-0331596478B7}.Release|Any CPU.Build.0 = Release|Any CPU
		{B8CA589E-C71F-4DAE-9722-0331596478B7}.Testing|Any CPU.ActiveCfg = Release|Any CPU
		{B8CA589E-C71F-4DAE-9722-0331596478B7}.Testing|Any CPU.Build.0 = Release|Any CPU
		{6417A0AC-2D49-42B0-B408-FAE39B832F92}.Debug|Any CPU.ActiveCfg = Debug|Any CPU
		{6417A0AC-2D49-42B0-B408-FAE39B832F92}.Debug|Any CPU.Build.0 = Debug|Any CPU
		{6417A0AC-2D49-42B0-B408-FAE39B832F92}.Release|Any CPU.ActiveCfg = Release|Any CPU
		{6417A0AC-2D49-42B0-B408-FAE39B832F92}.Release|Any CPU.Build.0 = Release|Any CPU
		{6417A0AC-2D49-42B0-B408-FAE39B832F92}.Testing|Any CPU.ActiveCfg = Release|Any CPU
		{6417A0AC-2D49-42B0-B408-FAE39B832F92}.Testing|Any CPU.Build.0 = Release|Any CPU
		{FC6715AC-17D0-46F1-8F72-C6871354C3F0}.Debug|Any CPU.ActiveCfg = Debug|Any CPU
		{FC6715AC-17D0-46F1-8F72-C6871354C3F0}.Debug|Any CPU.Build.0 = Debug|Any CPU
		{FC6715AC-17D0-46F1-8F72-C6871354C3F0}.Release|Any CPU.ActiveCfg = Release|Any CPU
		{FC6715AC-17D0-46F1-8F72-C6871354C3F0}.Release|Any CPU.Build.0 = Release|Any CPU
		{FC6715AC-17D0-46F1-8F72-C6871354C3F0}.Testing|Any CPU.ActiveCfg = Release|Any CPU
		{FC6715AC-17D0-46F1-8F72-C6871354C3F0}.Testing|Any CPU.Build.0 = Release|Any CPU
		{A7BFD55D-83F8-4B42-BD18-9725C8DFA943}.Debug|Any CPU.ActiveCfg = Debug|Any CPU
		{A7BFD55D-83F8-4B42-BD18-9725C8DFA943}.Debug|Any CPU.Build.0 = Debug|Any CPU
		{A7BFD55D-83F8-4B42-BD18-9725C8DFA943}.Release|Any CPU.ActiveCfg = Release|Any CPU
		{A7BFD55D-83F8-4B42-BD18-9725C8DFA943}.Release|Any CPU.Build.0 = Release|Any CPU
		{A7BFD55D-83F8-4B42-BD18-9725C8DFA943}.Testing|Any CPU.ActiveCfg = Release|Any CPU
		{A7BFD55D-83F8-4B42-BD18-9725C8DFA943}.Testing|Any CPU.Build.0 = Release|Any CPU
		{D12075FC-B2CF-4D6F-AE84-715767004332}.Debug|Any CPU.ActiveCfg = Debug|Any CPU
		{D12075FC-B2CF-4D6F-AE84-715767004332}.Debug|Any CPU.Build.0 = Debug|Any CPU
		{D12075FC-B2CF-4D6F-AE84-715767004332}.Release|Any CPU.ActiveCfg = Release|Any CPU
		{D12075FC-B2CF-4D6F-AE84-715767004332}.Release|Any CPU.Build.0 = Release|Any CPU
		{D12075FC-B2CF-4D6F-AE84-715767004332}.Testing|Any CPU.ActiveCfg = Release|Any CPU
		{D12075FC-B2CF-4D6F-AE84-715767004332}.Testing|Any CPU.Build.0 = Release|Any CPU
	EndGlobalSection
	GlobalSection(SolutionProperties) = preSolution
		HideSolutionNode = FALSE
	EndGlobalSection
	GlobalSection(NestedProjects) = preSolution
		{F22A550D-1579-498D-BB7C-FA9FE8BCF51F} = {97C97FDF-0B1A-4298-ACF1-1F7F9F051D56}
		{57A80815-533C-4F3D-AC7C-2EE6DD3D42F8} = {97C97FDF-0B1A-4298-ACF1-1F7F9F051D56}
		{F0874C2A-506D-4469-8B96-F341591871C5} = {97C97FDF-0B1A-4298-ACF1-1F7F9F051D56}
		{9DE710F0-4612-41A7-9AD6-7E371630D060} = {97C97FDF-0B1A-4298-ACF1-1F7F9F051D56}
		{F8142973-F401-49E4-878A-645F1004DFFF} = {97C97FDF-0B1A-4298-ACF1-1F7F9F051D56}
		{6FEED13D-5B57-4A14-87F4-A550020DBB6E} = {97C97FDF-0B1A-4298-ACF1-1F7F9F051D56}
		{BCB5FF0A-A451-443E-9E60-CED582278C78} = {4B54C51F-70FC-44B0-9090-1E3EC6513AE6}
		{737DC1CC-493F-44CC-BC3F-20D81CD04EFE} = {C486DB05-8A3B-43D8-BBFF-D4AACEFCB396}
		{FBADED87-6A33-423D-9A8E-D22A703D0FFF} = {C486DB05-8A3B-43D8-BBFF-D4AACEFCB396}
		{954B65B3-1EFB-4E7F-A0EC-3DD5C0E8B3FE} = {C486DB05-8A3B-43D8-BBFF-D4AACEFCB396}
		{7F06E35B-6BF7-4660-833A-B151980A3856} = {C486DB05-8A3B-43D8-BBFF-D4AACEFCB396}
		{EFE2B4EF-C7B6-4DFC-8BCD-F065D111949C} = {C486DB05-8A3B-43D8-BBFF-D4AACEFCB396}
		{415B010B-3387-41C8-8649-98E423189105} = {C486DB05-8A3B-43D8-BBFF-D4AACEFCB396}
		{E6AD0197-5683-4A94-8DD5-304F79046197} = {C486DB05-8A3B-43D8-BBFF-D4AACEFCB396}
		{D1776DED-C59A-4F8A-8C31-96EAE15BDF5A} = {C486DB05-8A3B-43D8-BBFF-D4AACEFCB396}
		{2AEE16B3-AFD2-4C91-9751-E37310E4689C} = {C486DB05-8A3B-43D8-BBFF-D4AACEFCB396}
		{3E7B3CE1-971D-4953-B5BC-DAB3CC5B3957} = {C486DB05-8A3B-43D8-BBFF-D4AACEFCB396}
		{50765755-4217-4052-BC22-73F4557A32A6} = {C486DB05-8A3B-43D8-BBFF-D4AACEFCB396}
		{F5FC621D-725A-495E-9236-409302454B6C} = {C486DB05-8A3B-43D8-BBFF-D4AACEFCB396}
		{E30693CB-BC43-4A78-B02E-8A5FA9217018} = {3CD6D99C-6F7F-4571-9F92-4E0BC21EFC76}
		{3E0C5B2B-2ECB-47A7-873C-33DCB9A44EBE} = {3CD6D99C-6F7F-4571-9F92-4E0BC21EFC76}
		{3F438738-B91E-4434-ABEE-887B3FE99D3E} = {3CD6D99C-6F7F-4571-9F92-4E0BC21EFC76}
		{4519714A-B883-443F-AFFC-C4B1120F80D2} = {3CD6D99C-6F7F-4571-9F92-4E0BC21EFC76}
		{5D4CF817-4754-4349-A418-B26B532D0169} = {3CD6D99C-6F7F-4571-9F92-4E0BC21EFC76}
		{13011BAC-3111-447D-9CD9-E79F3058B082} = {3CD6D99C-6F7F-4571-9F92-4E0BC21EFC76}
		{BFC82D44-373C-4689-9CE2-F69C1385AD31} = {3CD6D99C-6F7F-4571-9F92-4E0BC21EFC76}
		{912DC969-D12F-428D-9450-DE70CEB078AD} = {3CD6D99C-6F7F-4571-9F92-4E0BC21EFC76}
		{07FA1DDC-C797-494E-8211-F98FD67CA681} = {3CD6D99C-6F7F-4571-9F92-4E0BC21EFC76}
		{18144F65-5A9A-4CD9-92EC-77D3AF223181} = {3CD6D99C-6F7F-4571-9F92-4E0BC21EFC76}
		{2FD8A625-0E38-42AD-9907-9207077D501A} = {3CD6D99C-6F7F-4571-9F92-4E0BC21EFC76}
		{2898E6E8-CABC-4CEB-993B-E4C6AA8E5BC6} = {3CD6D99C-6F7F-4571-9F92-4E0BC21EFC76}
		{B8CA589E-C71F-4DAE-9722-0331596478B7} = {3CD6D99C-6F7F-4571-9F92-4E0BC21EFC76}
		{6417A0AC-2D49-42B0-B408-FAE39B832F92} = {3CD6D99C-6F7F-4571-9F92-4E0BC21EFC76}
		{FC6715AC-17D0-46F1-8F72-C6871354C3F0} = {3CD6D99C-6F7F-4571-9F92-4E0BC21EFC76}
		{A7BFD55D-83F8-4B42-BD18-9725C8DFA943} = {3CD6D99C-6F7F-4571-9F92-4E0BC21EFC76}
		{D12075FC-B2CF-4D6F-AE84-715767004332} = {3CD6D99C-6F7F-4571-9F92-4E0BC21EFC76}
	EndGlobalSection
	GlobalSection(ExtensibilityGlobals) = postSolution
		SolutionGuid = {13153B6E-D531-4872-82D3-52562F3F7110}
	EndGlobalSection
EndGlobal
