
Microsoft Visual Studio Solution File, Format Version 12.00
# Visual Studio 15
VisualStudioVersion = 15.0.28307.1082
MinimumVisualStudioVersion = 10.0.40219.1
Project("{2150E333-8FDC-42A3-9474-1A3956D46DE8}") = "Consoles", "Consoles", "{97C97FDF-0B1A-4298-ACF1-1F7F9F051D56}"
EndProject
Project("{FAE04EC0-301F-11D3-BF4B-00C04F79EFBC}") = "PasswordGenerator", "PasswordGenerator\PasswordGenerator.csproj", "{F22A550D-1579-498D-BB7C-FA9FE8BCF51F}"
EndProject
Project("{FAE04EC0-301F-11D3-BF4B-00C04F79EFBC}") = "StopwatchApp", "StopwatchApp\StopwatchApp.csproj", "{57A80815-533C-4F3D-AC7C-2EE6DD3D42F8}"
EndProject
Project("{FAE04EC0-301F-11D3-BF4B-00C04F79EFBC}") = "StackOverflowPostApp", "StackOverflowPostApp\StackOverflowPostApp.csproj", "{F0874C2A-506D-4469-8B96-F341591871C5}"
EndProject
Project("{FAE04EC0-301F-11D3-BF4B-00C04F79EFBC}") = "StackApp", "StackApp\StackApp.csproj", "{9DE710F0-4612-41A7-9AD6-7E371630D060}"
EndProject
Project("{FAE04EC0-301F-11D3-BF4B-00C04F79EFBC}") = "DBCommandApp", "DBCommandApp\DBCommandApp.csproj", "{F8142973-F401-49E4-878A-645F1004DFFF}"
EndProject
Project("{FAE04EC0-301F-11D3-BF4B-00C04F79EFBC}") = "WorkflowEngineApp", "WorkflowEngineApp\WorkflowEngineApp.csproj", "{6FEED13D-5B57-4A14-87F4-A550020DBB6E}"
EndProject
Project("{2150E333-8FDC-42A3-9474-1A3956D46DE8}") = "EF", "EF", "{C486DB05-8A3B-43D8-BBFF-D4AACEFCB396}"
EndProject
Project("{2150E333-8FDC-42A3-9474-1A3956D46DE8}") = "ASP NET MVC", "ASP NET MVC", "{4B54C51F-70FC-44B0-9090-1E3EC6513AE6}"
EndProject
Project("{FAE04EC0-301F-11D3-BF4B-00C04F79EFBC}") = "Vidly", "Vidly\Vidly.csproj", "{BCB5FF0A-A451-443E-9E60-CED582278C78}"
EndProject
Project("{FAE04EC0-301F-11D3-BF4B-00C04F79EFBC}") = "DBFirst", "DBFirst\DBFirst.csproj", "{737DC1CC-493F-44CC-BC3F-20D81CD04EFE}"
EndProject
Project("{FAE04EC0-301F-11D3-BF4B-00C04F79EFBC}") = "Vidzy", "Vidzy\Vidzy.csproj", "{FBADED87-6A33-423D-9A8E-D22A703D0FFF}"
EndProject
Project("{FAE04EC0-301F-11D3-BF4B-00C04F79EFBC}") = "CodeFirst", "CodeFirst\CodeFirst.csproj", "{954B65B3-1EFB-4E7F-A0EC-3DD5C0E8B3FE}"
EndProject
Project("{FAE04EC0-301F-11D3-BF4B-00C04F79EFBC}") = "CodeFirstExistingDatabase", "CodeFirstExistingDatabase\CodeFirstExistingDatabase.csproj", "{7F06E35B-6BF7-4660-833A-B151980A3856}"
EndProject
Project("{FAE04EC0-301F-11D3-BF4B-00C04F79EFBC}") = "VidzyCodeFirst", "VidzyCodeFirst\VidzyCodeFirst.csproj", "{EFE2B4EF-C7B6-4DFC-8BCD-F065D111949C}"
EndProject
Project("{FAE04EC0-301F-11D3-BF4B-00C04F79EFBC}") = "DataAnnotations", "DataAnnotations\DataAnnotations.csproj", "{415B010B-3387-41C8-8649-98E423189105}"
EndProject
Project("{FAE04EC0-301F-11D3-BF4B-00C04F79EFBC}") = "FluentAPI", "FluentAPI\FluentAPI.csproj", "{E6AD0197-5683-4A94-8DD5-304F79046197}"
EndProject
Project("{FAE04EC0-301F-11D3-BF4B-00C04F79EFBC}") = "Queries", "Queries\Queries\Queries.csproj", "{D1776DED-C59A-4F8A-8C31-96EAE15BDF5A}"
EndProject
Project("{FAE04EC0-301F-11D3-BF4B-00C04F79EFBC}") = "Vidzy_Queries", "Vidzy_Queries\Vidzy\Vidzy_Queries.csproj", "{2AEE16B3-AFD2-4C91-9751-E37310E4689C}"
EndProject
Project("{FAE04EC0-301F-11D3-BF4B-00C04F79EFBC}") = "Vidzy_UpdatingData", "Vidzy_UpdatingData\Vidzy\Vidzy_UpdatingData.csproj", "{3E7B3CE1-971D-4953-B5BC-DAB3CC5B3957}"
EndProject
Project("{FAE04EC0-301F-11D3-BF4B-00C04F79EFBC}") = "PlutoWeb", "PlutoWeb\PlutoWeb.csproj", "{50765755-4217-4052-BC22-73F4557A32A6}"
EndProject
Project("{FAE04EC0-301F-11D3-BF4B-00C04F79EFBC}") = "PlutoDesktop", "PlutoDesktop\PlutoDesktop.csproj", "{F5FC621D-725A-495E-9236-409302454B6C}"
EndProject
Project("{2150E333-8FDC-42A3-9474-1A3956D46DE8}") = "pro-csharp-7-master", "pro-csharp-7-master", "{3CD6D99C-6F7F-4571-9F92-4E0BC21EFC76}"
EndProject
Project("{FAE04EC0-301F-11D3-BF4B-00C04F79EFBC}") = "BasicDataTypes", "pro-csharp-7-master\Chapter_3\BasicDataTypes\BasicDataTypes\BasicDataTypes.csproj", "{E30693CB-BC43-4A78-B02E-8A5FA9217018}"
EndProject
Global
	GlobalSection(SolutionConfigurationPlatforms) = preSolution
		Debug|Any CPU = Debug|Any CPU
		Release|Any CPU = Release|Any CPU
		Testing|Any CPU = Testing|Any CPU
	EndGlobalSection
	GlobalSection(ProjectConfigurationPlatforms) = postSolution
		{F22A550D-1579-498D-BB7C-FA9FE8BCF51F}.Debug|Any CPU.ActiveCfg = Debug|Any CPU
		{F22A550D-1579-498D-BB7C-FA9FE8BCF51F}.Debug|Any CPU.Build.0 = Debug|Any CPU
		{F22A550D-1579-498D-BB7C-FA9FE8BCF51F}.Release|Any CPU.ActiveCfg = Release|Any CPU
		{F22A550D-1579-498D-BB7C-FA9FE8BCF51F}.Release|Any CPU.Build.0 = Release|Any CPU
		{F22A550D-1579-498D-BB7C-FA9FE8BCF51F}.Testing|Any CPU.ActiveCfg = Testing|Any CPU
		{F22A550D-1579-498D-BB7C-FA9FE8BCF51F}.Testing|Any CPU.Build.0 = Testing|Any CPU
		{57A80815-533C-4F3D-AC7C-2EE6DD3D42F8}.Debug|Any CPU.ActiveCfg = Debug|Any CPU
		{57A80815-533C-4F3D-AC7C-2EE6DD3D42F8}.Debug|Any CPU.Build.0 = Debug|Any CPU
		{57A80815-533C-4F3D-AC7C-2EE6DD3D42F8}.Release|Any CPU.ActiveCfg = Release|Any CPU
		{57A80815-533C-4F3D-AC7C-2EE6DD3D42F8}.Release|Any CPU.Build.0 = Release|Any CPU
		{57A80815-533C-4F3D-AC7C-2EE6DD3D42F8}.Testing|Any CPU.ActiveCfg = Testing|Any CPU
		{57A80815-533C-4F3D-AC7C-2EE6DD3D42F8}.Testing|Any CPU.Build.0 = Testing|Any CPU
		{F0874C2A-506D-4469-8B96-F341591871C5}.Debug|Any CPU.ActiveCfg = Debug|Any CPU
		{F0874C2A-506D-4469-8B96-F341591871C5}.Debug|Any CPU.Build.0 = Debug|Any CPU
		{F0874C2A-506D-4469-8B96-F341591871C5}.Release|Any CPU.ActiveCfg = Release|Any CPU
		{F0874C2A-506D-4469-8B96-F341591871C5}.Release|Any CPU.Build.0 = Release|Any CPU
		{F0874C2A-506D-4469-8B96-F341591871C5}.Testing|Any CPU.ActiveCfg = Testing|Any CPU
		{F0874C2A-506D-4469-8B96-F341591871C5}.Testing|Any CPU.Build.0 = Testing|Any CPU
		{9DE710F0-4612-41A7-9AD6-7E371630D060}.Debug|Any CPU.ActiveCfg = Debug|Any CPU
		{9DE710F0-4612-41A7-9AD6-7E371630D060}.Debug|Any CPU.Build.0 = Debug|Any CPU
		{9DE710F0-4612-41A7-9AD6-7E371630D060}.Release|Any CPU.ActiveCfg = Release|Any CPU
		{9DE710F0-4612-41A7-9AD6-7E371630D060}.Release|Any CPU.Build.0 = Release|Any CPU
		{9DE710F0-4612-41A7-9AD6-7E371630D060}.Testing|Any CPU.ActiveCfg = Testing|Any CPU
		{9DE710F0-4612-41A7-9AD6-7E371630D060}.Testing|Any CPU.Build.0 = Testing|Any CPU
		{F8142973-F401-49E4-878A-645F1004DFFF}.Debug|Any CPU.ActiveCfg = Debug|Any CPU
		{F8142973-F401-49E4-878A-645F1004DFFF}.Debug|Any CPU.Build.0 = Debug|Any CPU
		{F8142973-F401-49E4-878A-645F1004DFFF}.Release|Any CPU.ActiveCfg = Release|Any CPU
		{F8142973-F401-49E4-878A-645F1004DFFF}.Release|Any CPU.Build.0 = Release|Any CPU
		{F8142973-F401-49E4-878A-645F1004DFFF}.Testing|Any CPU.ActiveCfg = Testing|Any CPU
		{F8142973-F401-49E4-878A-645F1004DFFF}.Testing|Any CPU.Build.0 = Testing|Any CPU
		{6FEED13D-5B57-4A14-87F4-A550020DBB6E}.Debug|Any CPU.ActiveCfg = Debug|Any CPU
		{6FEED13D-5B57-4A14-87F4-A550020DBB6E}.Debug|Any CPU.Build.0 = Debug|Any CPU
		{6FEED13D-5B57-4A14-87F4-A550020DBB6E}.Release|Any CPU.ActiveCfg = Release|Any CPU
		{6FEED13D-5B57-4A14-87F4-A550020DBB6E}.Release|Any CPU.Build.0 = Release|Any CPU
		{6FEED13D-5B57-4A14-87F4-A550020DBB6E}.Testing|Any CPU.ActiveCfg = Testing|Any CPU
		{6FEED13D-5B57-4A14-87F4-A550020DBB6E}.Testing|Any CPU.Build.0 = Testing|Any CPU
		{BCB5FF0A-A451-443E-9E60-CED582278C78}.Debug|Any CPU.ActiveCfg = Debug|Any CPU
		{BCB5FF0A-A451-443E-9E60-CED582278C78}.Debug|Any CPU.Build.0 = Debug|Any CPU
		{BCB5FF0A-A451-443E-9E60-CED582278C78}.Release|Any CPU.ActiveCfg = Release|Any CPU
		{BCB5FF0A-A451-443E-9E60-CED582278C78}.Release|Any CPU.Build.0 = Release|Any CPU
		{BCB5FF0A-A451-443E-9E60-CED582278C78}.Testing|Any CPU.ActiveCfg = Testing|Any CPU
		{BCB5FF0A-A451-443E-9E60-CED582278C78}.Testing|Any CPU.Build.0 = Testing|Any CPU
		{737DC1CC-493F-44CC-BC3F-20D81CD04EFE}.Debug|Any CPU.ActiveCfg = Debug|Any CPU
		{737DC1CC-493F-44CC-BC3F-20D81CD04EFE}.Debug|Any CPU.Build.0 = Debug|Any CPU
		{737DC1CC-493F-44CC-BC3F-20D81CD04EFE}.Release|Any CPU.ActiveCfg = Release|Any CPU
		{737DC1CC-493F-44CC-BC3F-20D81CD04EFE}.Release|Any CPU.Build.0 = Release|Any CPU
		{737DC1CC-493F-44CC-BC3F-20D81CD04EFE}.Testing|Any CPU.ActiveCfg = Release|Any CPU
		{737DC1CC-493F-44CC-BC3F-20D81CD04EFE}.Testing|Any CPU.Build.0 = Release|Any CPU
		{FBADED87-6A33-423D-9A8E-D22A703D0FFF}.Debug|Any CPU.ActiveCfg = Debug|Any CPU
		{FBADED87-6A33-423D-9A8E-D22A703D0FFF}.Debug|Any CPU.Build.0 = Debug|Any CPU
		{FBADED87-6A33-423D-9A8E-D22A703D0FFF}.Release|Any CPU.ActiveCfg = Release|Any CPU
		{FBADED87-6A33-423D-9A8E-D22A703D0FFF}.Release|Any CPU.Build.0 = Release|Any CPU
		{FBADED87-6A33-423D-9A8E-D22A703D0FFF}.Testing|Any CPU.ActiveCfg = Release|Any CPU
		{FBADED87-6A33-423D-9A8E-D22A703D0FFF}.Testing|Any CPU.Build.0 = Release|Any CPU
		{954B65B3-1EFB-4E7F-A0EC-3DD5C0E8B3FE}.Debug|Any CPU.ActiveCfg = Debug|Any CPU
		{954B65B3-1EFB-4E7F-A0EC-3DD5C0E8B3FE}.Debug|Any CPU.Build.0 = Debug|Any CPU
		{954B65B3-1EFB-4E7F-A0EC-3DD5C0E8B3FE}.Release|Any CPU.ActiveCfg = Release|Any CPU
		{954B65B3-1EFB-4E7F-A0EC-3DD5C0E8B3FE}.Release|Any CPU.Build.0 = Release|Any CPU
		{954B65B3-1EFB-4E7F-A0EC-3DD5C0E8B3FE}.Testing|Any CPU.ActiveCfg = Release|Any CPU
		{954B65B3-1EFB-4E7F-A0EC-3DD5C0E8B3FE}.Testing|Any CPU.Build.0 = Release|Any CPU
		{7F06E35B-6BF7-4660-833A-B151980A3856}.Debug|Any CPU.ActiveCfg = Debug|Any CPU
		{7F06E35B-6BF7-4660-833A-B151980A3856}.Debug|Any CPU.Build.0 = Debug|Any CPU
		{7F06E35B-6BF7-4660-833A-B151980A3856}.Release|Any CPU.ActiveCfg = Release|Any CPU
		{7F06E35B-6BF7-4660-833A-B151980A3856}.Release|Any CPU.Build.0 = Release|Any CPU
		{7F06E35B-6BF7-4660-833A-B151980A3856}.Testing|Any CPU.ActiveCfg = Release|Any CPU
		{7F06E35B-6BF7-4660-833A-B151980A3856}.Testing|Any CPU.Build.0 = Release|Any CPU
		{EFE2B4EF-C7B6-4DFC-8BCD-F065D111949C}.Debug|Any CPU.ActiveCfg = Debug|Any CPU
		{EFE2B4EF-C7B6-4DFC-8BCD-F065D111949C}.Debug|Any CPU.Build.0 = Debug|Any CPU
		{EFE2B4EF-C7B6-4DFC-8BCD-F065D111949C}.Release|Any CPU.ActiveCfg = Release|Any CPU
		{EFE2B4EF-C7B6-4DFC-8BCD-F065D111949C}.Release|Any CPU.Build.0 = Release|Any CPU
		{EFE2B4EF-C7B6-4DFC-8BCD-F065D111949C}.Testing|Any CPU.ActiveCfg = Release|Any CPU
		{EFE2B4EF-C7B6-4DFC-8BCD-F065D111949C}.Testing|Any CPU.Build.0 = Release|Any CPU
		{415B010B-3387-41C8-8649-98E423189105}.Debug|Any CPU.ActiveCfg = Debug|Any CPU
		{415B010B-3387-41C8-8649-98E423189105}.Debug|Any CPU.Build.0 = Debug|Any CPU
		{415B010B-3387-41C8-8649-98E423189105}.Release|Any CPU.ActiveCfg = Release|Any CPU
		{415B010B-3387-41C8-8649-98E423189105}.Release|Any CPU.Build.0 = Release|Any CPU
		{415B010B-3387-41C8-8649-98E423189105}.Testing|Any CPU.ActiveCfg = Release|Any CPU
		{415B010B-3387-41C8-8649-98E423189105}.Testing|Any CPU.Build.0 = Release|Any CPU
		{E6AD0197-5683-4A94-8DD5-304F79046197}.Debug|Any CPU.ActiveCfg = Debug|Any CPU
		{E6AD0197-5683-4A94-8DD5-304F79046197}.Debug|Any CPU.Build.0 = Debug|Any CPU
		{E6AD0197-5683-4A94-8DD5-304F79046197}.Release|Any CPU.ActiveCfg = Release|Any CPU
		{E6AD0197-5683-4A94-8DD5-304F79046197}.Release|Any CPU.Build.0 = Release|Any CPU
		{E6AD0197-5683-4A94-8DD5-304F79046197}.Testing|Any CPU.ActiveCfg = Release|Any CPU
		{E6AD0197-5683-4A94-8DD5-304F79046197}.Testing|Any CPU.Build.0 = Release|Any CPU
		{D1776DED-C59A-4F8A-8C31-96EAE15BDF5A}.Debug|Any CPU.ActiveCfg = Debug|Any CPU
		{D1776DED-C59A-4F8A-8C31-96EAE15BDF5A}.Debug|Any CPU.Build.0 = Debug|Any CPU
		{D1776DED-C59A-4F8A-8C31-96EAE15BDF5A}.Release|Any CPU.ActiveCfg = Release|Any CPU
		{D1776DED-C59A-4F8A-8C31-96EAE15BDF5A}.Release|Any CPU.Build.0 = Release|Any CPU
		{D1776DED-C59A-4F8A-8C31-96EAE15BDF5A}.Testing|Any CPU.ActiveCfg = Release|Any CPU
		{D1776DED-C59A-4F8A-8C31-96EAE15BDF5A}.Testing|Any CPU.Build.0 = Release|Any CPU
		{2AEE16B3-AFD2-4C91-9751-E37310E4689C}.Debug|Any CPU.ActiveCfg = Debug|Any CPU
		{2AEE16B3-AFD2-4C91-9751-E37310E4689C}.Debug|Any CPU.Build.0 = Debug|Any CPU
		{2AEE16B3-AFD2-4C91-9751-E37310E4689C}.Release|Any CPU.ActiveCfg = Release|Any CPU
		{2AEE16B3-AFD2-4C91-9751-E37310E4689C}.Release|Any CPU.Build.0 = Release|Any CPU
		{2AEE16B3-AFD2-4C91-9751-E37310E4689C}.Testing|Any CPU.ActiveCfg = Release|Any CPU
		{2AEE16B3-AFD2-4C91-9751-E37310E4689C}.Testing|Any CPU.Build.0 = Release|Any CPU
		{3E7B3CE1-971D-4953-B5BC-DAB3CC5B3957}.Debug|Any CPU.ActiveCfg = Debug|Any CPU
		{3E7B3CE1-971D-4953-B5BC-DAB3CC5B3957}.Debug|Any CPU.Build.0 = Debug|Any CPU
		{3E7B3CE1-971D-4953-B5BC-DAB3CC5B3957}.Release|Any CPU.ActiveCfg = Release|Any CPU
		{3E7B3CE1-971D-4953-B5BC-DAB3CC5B3957}.Release|Any CPU.Build.0 = Release|Any CPU
		{3E7B3CE1-971D-4953-B5BC-DAB3CC5B3957}.Testing|Any CPU.ActiveCfg = Release|Any CPU
		{3E7B3CE1-971D-4953-B5BC-DAB3CC5B3957}.Testing|Any CPU.Build.0 = Release|Any CPU
		{50765755-4217-4052-BC22-73F4557A32A6}.Debug|Any CPU.ActiveCfg = Debug|Any CPU
		{50765755-4217-4052-BC22-73F4557A32A6}.Debug|Any CPU.Build.0 = Debug|Any CPU
		{50765755-4217-4052-BC22-73F4557A32A6}.Release|Any CPU.ActiveCfg = Release|Any CPU
		{50765755-4217-4052-BC22-73F4557A32A6}.Release|Any CPU.Build.0 = Release|Any CPU
		{50765755-4217-4052-BC22-73F4557A32A6}.Testing|Any CPU.ActiveCfg = Release|Any CPU
		{50765755-4217-4052-BC22-73F4557A32A6}.Testing|Any CPU.Build.0 = Release|Any CPU
		{F5FC621D-725A-495E-9236-409302454B6C}.Debug|Any CPU.ActiveCfg = Debug|Any CPU
		{F5FC621D-725A-495E-9236-409302454B6C}.Debug|Any CPU.Build.0 = Debug|Any CPU
		{F5FC621D-725A-495E-9236-409302454B6C}.Release|Any CPU.ActiveCfg = Release|Any CPU
		{F5FC621D-725A-495E-9236-409302454B6C}.Release|Any CPU.Build.0 = Release|Any CPU
		{F5FC621D-725A-495E-9236-409302454B6C}.Testing|Any CPU.ActiveCfg = Release|Any CPU
		{F5FC621D-725A-495E-9236-409302454B6C}.Testing|Any CPU.Build.0 = Release|Any CPU
		{E30693CB-BC43-4A78-B02E-8A5FA9217018}.Debug|Any CPU.ActiveCfg = Debug|Any CPU
		{E30693CB-BC43-4A78-B02E-8A5FA9217018}.Debug|Any CPU.Build.0 = Debug|Any CPU
		{E30693CB-BC43-4A78-B02E-8A5FA9217018}.Release|Any CPU.ActiveCfg = Release|Any CPU
		{E30693CB-BC43-4A78-B02E-8A5FA9217018}.Release|Any CPU.Build.0 = Release|Any CPU
		{E30693CB-BC43-4A78-B02E-8A5FA9217018}.Testing|Any CPU.ActiveCfg = Release|Any CPU
		{E30693CB-BC43-4A78-B02E-8A5FA9217018}.Testing|Any CPU.Build.0 = Release|Any CPU
	EndGlobalSection
	GlobalSection(SolutionProperties) = preSolution
		HideSolutionNode = FALSE
	EndGlobalSection
	GlobalSection(NestedProjects) = preSolution
		{F22A550D-1579-498D-BB7C-FA9FE8BCF51F} = {97C97FDF-0B1A-4298-ACF1-1F7F9F051D56}
		{57A80815-533C-4F3D-AC7C-2EE6DD3D42F8} = {97C97FDF-0B1A-4298-ACF1-1F7F9F051D56}
		{F0874C2A-506D-4469-8B96-F341591871C5} = {97C97FDF-0B1A-4298-ACF1-1F7F9F051D56}
		{9DE710F0-4612-41A7-9AD6-7E371630D060} = {97C97FDF-0B1A-4298-ACF1-1F7F9F051D56}
		{F8142973-F401-49E4-878A-645F1004DFFF} = {97C97FDF-0B1A-4298-ACF1-1F7F9F051D56}
		{6FEED13D-5B57-4A14-87F4-A550020DBB6E} = {97C97FDF-0B1A-4298-ACF1-1F7F9F051D56}
		{BCB5FF0A-A451-443E-9E60-CED582278C78} = {4B54C51F-70FC-44B0-9090-1E3EC6513AE6}
		{737DC1CC-493F-44CC-BC3F-20D81CD04EFE} = {C486DB05-8A3B-43D8-BBFF-D4AACEFCB396}
		{FBADED87-6A33-423D-9A8E-D22A703D0FFF} = {C486DB05-8A3B-43D8-BBFF-D4AACEFCB396}
		{954B65B3-1EFB-4E7F-A0EC-3DD5C0E8B3FE} = {C486DB05-8A3B-43D8-BBFF-D4AACEFCB396}
		{7F06E35B-6BF7-4660-833A-B151980A3856} = {C486DB05-8A3B-43D8-BBFF-D4AACEFCB396}
		{EFE2B4EF-C7B6-4DFC-8BCD-F065D111949C} = {C486DB05-8A3B-43D8-BBFF-D4AACEFCB396}
		{415B010B-3387-41C8-8649-98E423189105} = {C486DB05-8A3B-43D8-BBFF-D4AACEFCB396}
		{E6AD0197-5683-4A94-8DD5-304F79046197} = {C486DB05-8A3B-43D8-BBFF-D4AACEFCB396}
		{D1776DED-C59A-4F8A-8C31-96EAE15BDF5A} = {C486DB05-8A3B-43D8-BBFF-D4AACEFCB396}
		{2AEE16B3-AFD2-4C91-9751-E37310E4689C} = {C486DB05-8A3B-43D8-BBFF-D4AACEFCB396}
		{3E7B3CE1-971D-4953-B5BC-DAB3CC5B3957} = {C486DB05-8A3B-43D8-BBFF-D4AACEFCB396}
		{50765755-4217-4052-BC22-73F4557A32A6} = {C486DB05-8A3B-43D8-BBFF-D4AACEFCB396}
		{F5FC621D-725A-495E-9236-409302454B6C} = {C486DB05-8A3B-43D8-BBFF-D4AACEFCB396}
		{E30693CB-BC43-4A78-B02E-8A5FA9217018} = {3CD6D99C-6F7F-4571-9F92-4E0BC21EFC76}
	EndGlobalSection
	GlobalSection(ExtensibilityGlobals) = postSolution
		SolutionGuid = {13153B6E-D531-4872-82D3-52562F3F7110}
	EndGlobalSection
EndGlobal
