
Microsoft Visual Studio Solution File, Format Version 12.00
# Visual Studio 15
VisualStudioVersion = 15.0.28307.1082
MinimumVisualStudioVersion = 10.0.40219.1
Project("{2150E333-8FDC-42A3-9474-1A3956D46DE8}") = "Consoles", "Consoles", "{97C97FDF-0B1A-4298-ACF1-1F7F9F051D56}"
EndProject
Project("{FAE04EC0-301F-11D3-BF4B-00C04F79EFBC}") = "PasswordGenerator", "PasswordGenerator\PasswordGenerator.csproj", "{F22A550D-1579-498D-BB7C-FA9FE8BCF51F}"
EndProject
Project("{FAE04EC0-301F-11D3-BF4B-00C04F79EFBC}") = "StopwatchApp", "StopwatchApp\StopwatchApp.csproj", "{57A80815-533C-4F3D-AC7C-2EE6DD3D42F8}"
EndProject
Project("{FAE04EC0-301F-11D3-BF4B-00C04F79EFBC}") = "StackOverflowPostApp", "StackOverflowPostApp\StackOverflowPostApp.csproj", "{F0874C2A-506D-4469-8B96-F341591871C5}"
EndProject
Project("{FAE04EC0-301F-11D3-BF4B-00C04F79EFBC}") = "StackApp", "StackApp\StackApp.csproj", "{9DE710F0-4612-41A7-9AD6-7E371630D060}"
EndProject
Project("{FAE04EC0-301F-11D3-BF4B-00C04F79EFBC}") = "DBCommandApp", "DBCommandApp\DBCommandApp.csproj", "{F8142973-F401-49E4-878A-645F1004DFFF}"
EndProject
Project("{FAE04EC0-301F-11D3-BF4B-00C04F79EFBC}") = "WorkflowEngineApp", "WorkflowEngineApp\WorkflowEngineApp.csproj", "{6FEED13D-5B57-4A14-87F4-A550020DBB6E}"
EndProject
Project("{2150E333-8FDC-42A3-9474-1A3956D46DE8}") = "EF", "EF", "{C486DB05-8A3B-43D8-BBFF-D4AACEFCB396}"
EndProject
Project("{2150E333-8FDC-42A3-9474-1A3956D46DE8}") = "ASP NET MVC", "ASP NET MVC", "{4B54C51F-70FC-44B0-9090-1E3EC6513AE6}"
EndProject
Global
	GlobalSection(SolutionConfigurationPlatforms) = preSolution
		Debug|Any CPU = Debug|Any CPU
		Release|Any CPU = Release|Any CPU
	EndGlobalSection
	GlobalSection(ProjectConfigurationPlatforms) = postSolution
		{F22A550D-1579-498D-BB7C-FA9FE8BCF51F}.Debug|Any CPU.ActiveCfg = Debug|Any CPU
		{F22A550D-1579-498D-BB7C-FA9FE8BCF51F}.Debug|Any CPU.Build.0 = Debug|Any CPU
		{F22A550D-1579-498D-BB7C-FA9FE8BCF51F}.Release|Any CPU.ActiveCfg = Release|Any CPU
		{F22A550D-1579-498D-BB7C-FA9FE8BCF51F}.Release|Any CPU.Build.0 = Release|Any CPU
		{57A80815-533C-4F3D-AC7C-2EE6DD3D42F8}.Debug|Any CPU.ActiveCfg = Debug|Any CPU
		{57A80815-533C-4F3D-AC7C-2EE6DD3D42F8}.Debug|Any CPU.Build.0 = Debug|Any CPU
		{57A80815-533C-4F3D-AC7C-2EE6DD3D42F8}.Release|Any CPU.ActiveCfg = Release|Any CPU
		{57A80815-533C-4F3D-AC7C-2EE6DD3D42F8}.Release|Any CPU.Build.0 = Release|Any CPU
		{F0874C2A-506D-4469-8B96-F341591871C5}.Debug|Any CPU.ActiveCfg = Debug|Any CPU
		{F0874C2A-506D-4469-8B96-F341591871C5}.Debug|Any CPU.Build.0 = Debug|Any CPU
		{F0874C2A-506D-4469-8B96-F341591871C5}.Release|Any CPU.ActiveCfg = Release|Any CPU
		{F0874C2A-506D-4469-8B96-F341591871C5}.Release|Any CPU.Build.0 = Release|Any CPU
		{9DE710F0-4612-41A7-9AD6-7E371630D060}.Debug|Any CPU.ActiveCfg = Debug|Any CPU
		{9DE710F0-4612-41A7-9AD6-7E371630D060}.Debug|Any CPU.Build.0 = Debug|Any CPU
		{9DE710F0-4612-41A7-9AD6-7E371630D060}.Release|Any CPU.ActiveCfg = Release|Any CPU
		{9DE710F0-4612-41A7-9AD6-7E371630D060}.Release|Any CPU.Build.0 = Release|Any CPU
		{F8142973-F401-49E4-878A-645F1004DFFF}.Debug|Any CPU.ActiveCfg = Debug|Any CPU
		{F8142973-F401-49E4-878A-645F1004DFFF}.Debug|Any CPU.Build.0 = Debug|Any CPU
		{F8142973-F401-49E4-878A-645F1004DFFF}.Release|Any CPU.ActiveCfg = Release|Any CPU
		{F8142973-F401-49E4-878A-645F1004DFFF}.Release|Any CPU.Build.0 = Release|Any CPU
		{6FEED13D-5B57-4A14-87F4-A550020DBB6E}.Debug|Any CPU.ActiveCfg = Debug|Any CPU
		{6FEED13D-5B57-4A14-87F4-A550020DBB6E}.Debug|Any CPU.Build.0 = Debug|Any CPU
		{6FEED13D-5B57-4A14-87F4-A550020DBB6E}.Release|Any CPU.ActiveCfg = Release|Any CPU
		{6FEED13D-5B57-4A14-87F4-A550020DBB6E}.Release|Any CPU.Build.0 = Release|Any CPU
	EndGlobalSection
	GlobalSection(SolutionProperties) = preSolution
		HideSolutionNode = FALSE
	EndGlobalSection
	GlobalSection(NestedProjects) = preSolution
		{F22A550D-1579-498D-BB7C-FA9FE8BCF51F} = {97C97FDF-0B1A-4298-ACF1-1F7F9F051D56}
		{57A80815-533C-4F3D-AC7C-2EE6DD3D42F8} = {97C97FDF-0B1A-4298-ACF1-1F7F9F051D56}
		{F0874C2A-506D-4469-8B96-F341591871C5} = {97C97FDF-0B1A-4298-ACF1-1F7F9F051D56}
		{9DE710F0-4612-41A7-9AD6-7E371630D060} = {97C97FDF-0B1A-4298-ACF1-1F7F9F051D56}
		{F8142973-F401-49E4-878A-645F1004DFFF} = {97C97FDF-0B1A-4298-ACF1-1F7F9F051D56}
		{6FEED13D-5B57-4A14-87F4-A550020DBB6E} = {97C97FDF-0B1A-4298-ACF1-1F7F9F051D56}
	EndGlobalSection
	GlobalSection(ExtensibilityGlobals) = postSolution
		SolutionGuid = {13153B6E-D531-4872-82D3-52562F3F7110}
	EndGlobalSection
EndGlobal
